PATH
  remote: .
  specs:
    togglv8 (0.2.0)
      faraday (~> 0.9)
      oj (~> 2.12)

GEM
  remote: https://rubygems.org/
  specs:
    awesome_print (1.6.1)
    diff-lcs (1.2.5)
    faraday (0.9.1)
      multipart-post (>= 1.2, < 3)
    multipart-post (2.0.0)
    oj (2.12.12)
    rake (10.4.2)
    rspec (3.3.0)
      rspec-core (~> 3.3.0)
      rspec-expectations (~> 3.3.0)
      rspec-mocks (~> 3.3.0)
    rspec-core (3.3.2)
      rspec-support (~> 3.3.0)
    rspec-expectations (3.3.1)
      diff-lcs (>= 1.2.0, < 2.0)
      rspec-support (~> 3.3.0)
    rspec-mocks (3.3.2)
      diff-lcs (>= 1.2.0, < 2.0)
      rspec-support (~> 3.3.0)
    rspec-support (3.3.0)

PLATFORMS
  ruby

DEPENDENCIES
  awesome_print (~> 1.6)
  bundler (~> 1.7)
  rake (~> 10.4)
  rspec (~> 3.3)
  togglv8!

BUNDLED WITH
   1.10.6
