GEM
  remote: https://rubygems.org/
  specs:
    awesome_print (1.1.0)
    faraday (0.8.7)
      multipart-post (~> 1.1)
    json (1.8.0)
    logger (1.2.8)
    multipart-post (1.2.0)

PLATFORMS
  ruby

DEPENDENCIES
  awesome_print (~> 1.1.0)
  faraday (~> 0.8.7)
  json (~> 1.8.0)
  logger (~> 1.2.8)
